# This file is automatically @generated by Cargo.
# It is not intended for manual editing.
version = 3

[[package]]
name = "once_cell"
version = "1.13.1"
source = "registry+https://github.com/rust-lang/crates.io-index"
checksum = "074864da206b4973b84eb91683020dbefd6a8c3f0f38e054d93954e891935e4e"

[[package]]
name = "serde"
version = "1.0.144"
source = "registry+https://github.com/rust-lang/crates.io-index"
checksum = "0f747710de3dcd43b88c9168773254e809d8ddbdf9653b84e2554ab219f17860"

[[package]]
name = "swc_plugin"
version = "0.90.0"
source = "registry+https://github.com/rust-lang/crates.io-index"
checksum = "ca5df720531bfbd7ceb1139319c39c20c446abfb8f7e0eb47b104205a71152b4"
dependencies = [
 "once_cell",
]

[[package]]
name = "tini-swc-plugin"
version = "0.1.0"
dependencies = [
 "serde",
 "swc_plugin",
]
